{
  "name": "donkey",
  "version": "0.1.0",
  "lockfileVersion": 2,
  "requires": true,
  "packages": {
    "": {
      "name": "donkey",
      "version": "0.1.0",
      "license": "MIT",
      "dependencies": {
        "jquery": "^3.6.0",
        "js.cookie": "^0.0.4",
        "parsimmon": "^1.18.1"
      }
    },
    "node_modules/jquery": {
      "version": "3.6.0",
      "resolved": "https://registry.npmjs.org/jquery/-/jquery-3.6.0.tgz",
      "integrity": "sha512-JVzAR/AjBvVt2BmYhxRCSYysDsPcssdmTFnzyLEts9qNwmjmu4JTAMYubEfwVOSwpQ1I1sKKFcxhZCI2buerfw=="
    },
    "node_modules/js.cookie": {
      "version": "0.0.4",
      "resolved": "https://registry.npmjs.org/js.cookie/-/js.cookie-0.0.4.tgz",
      "integrity": "sha1-xYEnDQQDscUSX5HVpIKV4pDihpo="
    },
    "node_modules/parsimmon": {
      "version": "1.18.1",
      "resolved": "https://registry.npmjs.org/parsimmon/-/parsimmon-1.18.1.tgz",
      "integrity": "sha512-u7p959wLfGAhJpSDJVYXoyMCXWYwHia78HhRBWqk7AIbxdmlrfdp5wX0l3xv/iTSH5HvhN9K7o26hwwpgS5Nmw=="
    }
  },
  "dependencies": {
    "jquery": {
      "version": "3.6.0",
      "resolved": "https://registry.npmjs.org/jquery/-/jquery-3.6.0.tgz",
      "integrity": "sha512-JVzAR/AjBvVt2BmYhxRCSYysDsPcssdmTFnzyLEts9qNwmjmu4JTAMYubEfwVOSwpQ1I1sKKFcxhZCI2buerfw=="
    },
    "js.cookie": {
      "version": "0.0.4",
      "resolved": "https://registry.npmjs.org/js.cookie/-/js.cookie-0.0.4.tgz",
      "integrity": "sha1-xYEnDQQDscUSX5HVpIKV4pDihpo="
    },
    "parsimmon": {
      "version": "1.18.1",
      "resolved": "https://registry.npmjs.org/parsimmon/-/parsimmon-1.18.1.tgz",
      "integrity": "sha512-u7p959wLfGAhJpSDJVYXoyMCXWYwHia78HhRBWqk7AIbxdmlrfdp5wX0l3xv/iTSH5HvhN9K7o26hwwpgS5Nmw=="
    }
  }
}
